
Microsoft Visual Studio Solution File, Format Version 12.00
# Visual Studio Version 16
VisualStudioVersion = 16.0.30717.126
MinimumVisualStudioVersion = 10.0.40219.1
Project("{FAE04EC0-301F-11D3-BF4B-00C04F79EFBC}") = "Student Web Service", "Student Web Service.csproj", "{EE7EFD6F-EE2E-430D-A885-D718C4C744B8}"
EndProject
Global
	GlobalSection(SolutionConfigurationPlatforms) = preSolution
		Debug|Any CPU = Debug|Any CPU
		Release|Any CPU = Release|Any CPU
	EndGlobalSection
	GlobalSection(ProjectConfigurationPlatforms) = postSolution
		{EE7EFD6F-EE2E-430D-A885-D718C4C744B8}.Debug|Any CPU.ActiveCfg = Debug|Any CPU
		{EE7EFD6F-EE2E-430D-A885-D718C4C744B8}.Debug|Any CPU.Build.0 = Debug|Any CPU
		{EE7EFD6F-EE2E-430D-A885-D718C4C744B8}.Release|Any CPU.ActiveCfg = Release|Any CPU
		{EE7EFD6F-EE2E-430D-A885-D718C4C744B8}.Release|Any CPU.Build.0 = Release|Any CPU
	EndGlobalSection
	GlobalSection(SolutionProperties) = preSolution
		HideSolutionNode = FALSE
	EndGlobalSection
	GlobalSection(ExtensibilityGlobals) = postSolution
		SolutionGuid = {D315E594-5980-427E-B9AD-129D87E38EC4}
	EndGlobalSection
EndGlobal
